
Microsoft Visual Studio Solution File, Format Version 12.00
# Visual Studio Version 17
VisualStudioVersion = 17.9.34607.119
MinimumVisualStudioVersion = 10.0.40219.1
Project("{FAE04EC0-301F-11D3-BF4B-00C04F79EFBC}") = "apifinal", "apifinal.csproj", "{4CF89830-D4AC-4AA2-BF33-69D1DF755569}"
EndProject
Global
	GlobalSection(SolutionConfigurationPlatforms) = preSolution
		Debug|Any CPU = Debug|Any CPU
		Release|Any CPU = Release|Any CPU
	EndGlobalSection
	GlobalSection(ProjectConfigurationPlatforms) = postSolution
		{4CF89830-D4AC-4AA2-BF33-69D1DF755569}.Debug|Any CPU.ActiveCfg = Debug|Any CPU
		{4CF89830-D4AC-4AA2-BF33-69D1DF755569}.Debug|Any CPU.Build.0 = Debug|Any CPU
		{4CF89830-D4AC-4AA2-BF33-69D1DF755569}.Release|Any CPU.ActiveCfg = Release|Any CPU
		{4CF89830-D4AC-4AA2-BF33-69D1DF755569}.Release|Any CPU.Build.0 = Release|Any CPU
	EndGlobalSection
	GlobalSection(SolutionProperties) = preSolution
		HideSolutionNode = FALSE
	EndGlobalSection
	GlobalSection(ExtensibilityGlobals) = postSolution
		SolutionGuid = {9CFC1923-825D-4B9C-A06F-C9AC747FA698}
	EndGlobalSection
EndGlobal
